
Microsoft Visual Studio Solution File, Format Version 12.00
# Visual Studio Version 16
VisualStudioVersion = 16.0.29001.49
MinimumVisualStudioVersion = 10.0.40219.1
Project("{FAE04EC0-301F-11D3-BF4B-00C04F79EFBC}") = "VectorIterator2", "VectorIterator2.csproj", "{3C4213A5-D9A5-4669-9581-8A4B4750D0C8}"
EndProject
Global
	GlobalSection(SolutionConfigurationPlatforms) = preSolution
		Debug|Any CPU = Debug|Any CPU
		Release|Any CPU = Release|Any CPU
	EndGlobalSection
	GlobalSection(ProjectConfigurationPlatforms) = postSolution
		{3C4213A5-D9A5-4669-9581-8A4B4750D0C8}.Debug|Any CPU.ActiveCfg = Debug|Any CPU
		{3C4213A5-D9A5-4669-9581-8A4B4750D0C8}.Debug|Any CPU.Build.0 = Debug|Any CPU
		{3C4213A5-D9A5-4669-9581-8A4B4750D0C8}.Release|Any CPU.ActiveCfg = Release|Any CPU
		{3C4213A5-D9A5-4669-9581-8A4B4750D0C8}.Release|Any CPU.Build.0 = Release|Any CPU
	EndGlobalSection
	GlobalSection(SolutionProperties) = preSolution
		HideSolutionNode = FALSE
	EndGlobalSection
	GlobalSection(ExtensibilityGlobals) = postSolution
		SolutionGuid = {E3CF19E8-1887-4904-89C2-F0EE149BDD90}
	EndGlobalSection
EndGlobal
